// !$*UTF8*$!
{
	archiveVersion = 1;
	classes = {
	};
	objectVersion = 46;
	objects = {

/* Begin PBXBuildFile section */
		929236B91CAD14C300B643D2 /* AppDelegate.swift in Sources */ = {isa = PBXBuildFile; fileRef = 929236B81CAD14C300B643D2 /* AppDelegate.swift */; };
		929236BB1CAD14C300B643D2 /* ViewController.swift in Sources */ = {isa = PBXBuildFile; fileRef = 929236BA1CAD14C300B643D2 /* ViewController.swift */; };
		929236BE1CAD14C300B643D2 /* Main.storyboard in Resources */ = {isa = PBXBuildFile; fileRef = 929236BC1CAD14C300B643D2 /* Main.storyboard */; };
		929236C01CAD14C300B643D2 /* Assets.xcassets in Resources */ = {isa = PBXBuildFile; fileRef = 929236BF1CAD14C300B643D2 /* Assets.xcassets */; };
		929236C31CAD14C300B643D2 /* LaunchScreen.storyboard in Resources */ = {isa = PBXBuildFile; fileRef = 929236C11CAD14C300B643D2 /* LaunchScreen.storyboard */; };
		929236CE1CAD14C300B643D2 /* PruegaTests.swift in Sources */ = {isa = PBXBuildFile; fileRef = 929236CD1CAD14C300B643D2 /* PruegaTests.swift */; };
/* End PBXBuildFile section */

/* Begin PBXContainerItemProxy section */
		929236CA1CAD14C300B643D2 /* PBXContainerItemProxy */ = {
			isa = PBXContainerItemProxy;
			containerPortal = 929236AD1CAD14C200B643D2 /* Project object */;
			proxyType = 1;
			remoteGlobalIDString = 929236B41CAD14C200B643D2;
			remoteInfo = Pruega;
		};
/* End PBXContainerItemProxy section */

/* Begin PBXFileReference section */
		929236B51CAD14C200B643D2 /* Pruega.app */ = {isa = PBXFileReference; explicitFileType = wrapper.application; includeInIndex = 0; path = Pruega.app; sourceTree = BUILT_PRODUCTS_DIR; };
		929236B81CAD14C300B643D2 /* AppDelegate.swift */ = {isa = PBXFileReference; lastKnownFileType = sourcecode.swift; path = AppDelegate.swift; sourceTree = "<group>"; };
		929236BA1CAD14C300B643D2 /* ViewController.swift */ = {isa = PBXFileReference; lastKnownFileType = sourcecode.swift; path = ViewController.swift; sourceTree = "<group>"; };
		929236BD1CAD14C300B643D2 /* Base */ = {isa = PBXFileReference; lastKnownFileType = file.storyboard; name = Base; path = Base.lproj/Main.storyboard; sourceTree = "<group>"; };
		929236BF1CAD14C300B643D2 /* Assets.xcassets */ = {isa = PBXFileReference; lastKnownFileType = folder.assetcatalog; path = Assets.xcassets; sourceTree = "<group>"; };
		929236C21CAD14C300B643D2 /* Base */ = {isa = PBXFileReference; lastKnownFileType = file.storyboard; name = Base; path = Base.lproj/LaunchScreen.storyboard; sourceTree = "<group>"; };
		929236C41CAD14C300B643D2 /* Info.plist */ = {isa = PBXFileReference; lastKnownFileType = text.plist.xml; path = Info.plist; sourceTree = "<group>"; };
		929236C91CAD14C300B643D2 /* PruegaTests.xctest */ = {isa = PBXFileReference; explicitFileType = wrapper.cfbundle; includeInIndex = 0; path = PruegaTests.xctest; sourceTree = BUILT_PRODUCTS_DIR; };
		929236CD1CAD14C300B643D2 /* PruegaTests.swift */ = {isa = PBXFileReference; lastKnownFileType = sourcecode.swift; path = PruegaTests.swift; sourceTree = "<group>"; };
		929236CF1CAD14C300B643D2 /* Info.plist */ = {isa = PBXFileReference; lastKnownFileType = text.plist.xml; path = Info.plist; sourceTree = "<group>"; };
/* End PBXFileReference section */

/* Begin PBXFrameworksBuildPhase section */
		929236B21CAD14C200B643D2 /* Frameworks */ = {
			isa = PBXFrameworksBuildPhase;
			buildActionMask = 2147483647;
			files = (
			);
			runOnlyForDeploymentPostprocessing = 0;
		};
		929236C61CAD14C300B643D2 /* Frameworks */ = {
			isa = PBXFrameworksBuildPhase;
			buildActionMask = 2147483647;
			files = (
			);
			runOnlyForDeploymentPostprocessing = 0;
		};
/* End PBXFrameworksBuildPhase section */

/* Begin PBXGroup section */
		929236AC1CAD14C200B643D2 = {
			isa = PBXGroup;
			children = (
				929236B71CAD14C300B643D2 /* Pruega */,
				929236CC1CAD14C300B643D2 /* PruegaTests */,
				929236B61CAD14C200B643D2 /* Products */,
			);
			sourceTree = "<group>";
		};
		929236B61CAD14C200B643D2 /* Products */ = {
			isa = PBXGroup;
			children = (
				929236B51CAD14C200B643D2 /* Pruega.app */,
				929236C91CAD14C300B643D2 /* PruegaTests.xctest */,
			);
			name = Products;
			sourceTree = "<group>";
		};
		929236B71CAD14C300B643D2 /* Pruega */ = {
			isa = PBXGroup;
			children = (
				929236B81CAD14C300B643D2 /* AppDelegate.swift */,
				929236BA1CAD14C300B643D2 /* ViewController.swift */,
				929236BC1CAD14C300B643D2 /* Main.storyboard */,
				929236BF1CAD14C300B643D2 /* Assets.xcassets */,
				929236C11CAD14C300B643D2 /* LaunchScreen.storyboard */,
				929236C41CAD14C300B643D2 /* Info.plist */,
			);
			path = Pruega;
			sourceTree = "<group>";
		};
		929236CC1CAD14C300B643D2 /* PruegaTests */ = {
			isa = PBXGroup;
			children = (
				929236CD1CAD14C300B643D2 /* PruegaTests.swift */,
				929236CF1CAD14C300B643D2 /* Info.plist */,
			);
			path = PruegaTests;
			sourceTree = "<group>";
		};
/* End PBXGroup section */

/* Begin PBXNativeTarget section */
		929236B41CAD14C200B643D2 /* Pruega */ = {
			isa = PBXNativeTarget;
			buildConfigurationList = 929236D21CAD14C300B643D2 /* Build configuration list for PBXNativeTarget "Pruega" */;
			buildPhases = (
				929236B11CAD14C200B643D2 /* Sources */,
				929236B21CAD14C200B643D2 /* Frameworks */,
				929236B31CAD14C200B643D2 /* Resources */,
			);
			buildRules = (
			);
			dependencies = (
			);
			name = Pruega;
			productName = Pruega;
			productReference = 929236B51CAD14C200B643D2 /* Pruega.app */;
			productType = "com.apple.product-type.application";
		};
		929236C81CAD14C300B643D2 /* PruegaTests */ = {
			isa = PBXNativeTarget;
			buildConfigurationList = 929236D51CAD14C300B643D2 /* Build configuration list for PBXNativeTarget "PruegaTests" */;
			buildPhases = (
				929236C51CAD14C300B643D2 /* Sources */,
				929236C61CAD14C300B643D2 /* Frameworks */,
				929236C71CAD14C300B643D2 /* Resources */,
			);
			buildRules = (
			);
			dependencies = (
				929236CB1CAD14C300B643D2 /* PBXTargetDependency */,
			);
			name = PruegaTests;
			productName = PruegaTests;
			productReference = 929236C91CAD14C300B643D2 /* PruegaTests.xctest */;
			productType = "com.apple.product-type.bundle.unit-test";
		};
/* End PBXNativeTarget section */

/* Begin PBXProject section */
		929236AD1CAD14C200B643D2 /* Project object */ = {
			isa = PBXProject;
			attributes = {
				LastSwiftUpdateCheck = 0730;
				LastUpgradeCheck = 0730;
				ORGANIZATIONNAME = rstrikes;
				TargetAttributes = {
					929236B41CAD14C200B643D2 = {
						CreatedOnToolsVersion = 7.3;
						DevelopmentTeam = 7LGVPH254J;
					};
					929236C81CAD14C300B643D2 = {
						CreatedOnToolsVersion = 7.3;
						DevelopmentTeam = 7LGVPH254J;
						TestTargetID = 929236B41CAD14C200B643D2;
					};
				};
			};
			buildConfigurationList = 929236B01CAD14C200B643D2 /* Build configuration list for PBXProject "Pruega" */;
			compatibilityVersion = "Xcode 3.2";
			developmentRegion = English;
			hasScannedForEncodings = 0;
			knownRegions = (
				en,
				Base,
			);
			mainGroup = 929236AC1CAD14C200B643D2;
			productRefGroup = 929236B61CAD14C200B643D2 /* Products */;
			projectDirPath = "";
			projectRoot = "";
			targets = (
				929236B41CAD14C200B643D2 /* Pruega */,
				929236C81CAD14C300B643D2 /* PruegaTests */,
			);
		};
/* End PBXProject section */

/* Begin PBXResourcesBuildPhase section */
		929236B31CAD14C200B643D2 /* Resources */ = {
			isa = PBXResourcesBuildPhase;
			buildActionMask = 2147483647;
			files = (
				929236C31CAD14C300B643D2 /* LaunchScreen.storyboard in Resources */,
				929236C01CAD14C300B643D2 /* Assets.xcassets in Resources */,
				929236BE1CAD14C300B643D2 /* Main.storyboard in Resources */,
			);
			runOnlyForDeploymentPostprocessing = 0;
		};
		929236C71CAD14C300B643D2 /* Resources */ = {
			isa = PBXResourcesBuildPhase;
			buildActionMask = 2147483647;
			files = (
			);
			runOnlyForDeploymentPostprocessing = 0;
		};
/* End PBXResourcesBuildPhase section */

/* Begin PBXSourcesBuildPhase section */
		929236B11CAD14C200B643D2 /* Sources */ = {
			isa = PBXSourcesBuildPhase;
			buildActionMask = 2147483647;
			files = (
				929236BB1CAD14C300B643D2 /* ViewController.swift in Sources */,
				929236B91CAD14C300B643D2 /* AppDelegate.swift in Sources */,
			);
			runOnlyForDeploymentPostprocessing = 0;
		};
		929236C51CAD14C300B643D2 /* Sources */ = {
			isa = PBXSourcesBuildPhase;
			buildActionMask = 2147483647;
			files = (
				929236CE1CAD14C300B643D2 /* PruegaTests.swift in Sources */,
			);
			runOnlyForDeploymentPostprocessing = 0;
		};
/* End PBXSourcesBuildPhase section */

/* Begin PBXTargetDependency section */
		929236CB1CAD14C300B643D2 /* PBXTargetDependency */ = {
			isa = PBXTargetDependency;
			target = 929236B41CAD14C200B643D2 /* Pruega */;
			targetProxy = 929236CA1CAD14C300B643D2 /* PBXContainerItemProxy */;
		};
/* End PBXTargetDependency section */

/* Begin PBXVariantGroup section */
		929236BC1CAD14C300B643D2 /* Main.storyboard */ = {
			isa = PBXVariantGroup;
			children = (
				929236BD1CAD14C300B643D2 /* Base */,
			);
			name = Main.storyboard;
			sourceTree = "<group>";
		};
		929236C11CAD14C300B643D2 /* LaunchScreen.storyboard */ = {
			isa = PBXVariantGroup;
			children = (
				929236C21CAD14C300B643D2 /* Base */,
			);
			name = LaunchScreen.storyboard;
			sourceTree = "<group>";
		};
/* End PBXVariantGroup section */

/* Begin XCBuildConfiguration section */
		929236D01CAD14C300B643D2 /* Debug */ = {
			isa = XCBuildConfiguration;
			buildSettings = {
				ALWAYS_SEARCH_USER_PATHS = NO;
				CLANG_ANALYZER_NONNULL = YES;
				CLANG_CXX_LANGUAGE_STANDARD = "gnu++0x";
				CLANG_CXX_LIBRARY = "libc++";
				CLANG_ENABLE_MODULES = YES;
				CLANG_ENABLE_OBJC_ARC = YES;
				CLANG_WARN_BOOL_CONVERSION = YES;
				CLANG_WARN_CONSTANT_CONVERSION = YES;
				CLANG_WARN_DIRECT_OBJC_ISA_USAGE = YES_ERROR;
				CLANG_WARN_EMPTY_BODY = YES;
				CLANG_WARN_ENUM_CONVERSION = YES;
				CLANG_WARN_INT_CONVERSION = YES;
				CLANG_WARN_OBJC_ROOT_CLASS = YES_ERROR;
				CLANG_WARN_UNREACHABLE_CODE = YES;
				CLANG_WARN__DUPLICATE_METHOD_MATCH = YES;
				"CODE_SIGN_IDENTITY[sdk=iphoneos*]" = "iPhone Developer";
				COPY_PHASE_STRIP = NO;
				DEBUG_INFORMATION_FORMAT = dwarf;
				ENABLE_STRICT_OBJC_MSGSEND = YES;
				ENABLE_TESTABILITY = YES;
				GCC_C_LANGUAGE_STANDARD = gnu99;
				GCC_DYNAMIC_NO_PIC = NO;
				GCC_NO_COMMON_BLOCKS = YES;
				GCC_OPTIMIZATION_LEVEL = 0;
				GCC_PREPROCESSOR_DEFINITIONS = (
					"DEBUG=1",
					"$(inherited)",
				);
				GCC_WARN_64_TO_32_BIT_CONVERSION = YES;
				GCC_WARN_ABOUT_RETURN_TYPE = YES_ERROR;
				GCC_WARN_UNDECLARED_SELECTOR = YES;
				GCC_WARN_UNINITIALIZED_AUTOS = YES_AGGRESSIVE;
				GCC_WARN_UNUSED_FUNCTION = YES;
				GCC_WARN_UNUSED_VARIABLE = YES;
				IPHONEOS_DEPLOYMENT_TARGET = 9.3;
				MTL_ENABLE_DEBUG_INFO = YES;
				ONLY_ACTIVE_ARCH = YES;
				SDKROOT = iphoneos;
				SWIFT_OPTIMIZATION_LEVEL = "-Onone";
				TARGETED_DEVICE_FAMILY = "1,2";
			};
			name = Debug;
		};
		929236D11CAD14C300B643D2 /* Release */ = {
			isa = XCBuildConfiguration;
			buildSettings = {
				ALWAYS_SEARCH_USER_PATHS = NO;
				CLANG_ANALYZER_NONNULL = YES;
				CLANG_CXX_LANGUAGE_STANDARD = "gnu++0x";
				CLANG_CXX_LIBRARY = "libc++";
				CLANG_ENABLE_MODULES = YES;
				CLANG_ENABLE_OBJC_ARC = YES;
				CLANG_WARN_BOOL_CONVERSION = YES;
				CLANG_WARN_CONSTANT_CONVERSION = YES;
				CLANG_WARN_DIRECT_OBJC_ISA_USAGE = YES_ERROR;
				CLANG_WARN_EMPTY_BODY = YES;
				CLANG_WARN_ENUM_CONVERSION = YES;
				CLANG_WARN_INT_CONVERSION = YES;
				CLANG_WARN_OBJC_ROOT_CLASS = YES_ERROR;
				CLANG_WARN_UNREACHABLE_CODE = YES;
				CLANG_WARN__DUPLICATE_METHOD_MATCH = YES;
				"CODE_SIGN_IDENTITY[sdk=iphoneos*]" = "iPhone Developer";
				COPY_PHASE_STRIP = NO;
				DEBUG_INFORMATION_FORMAT = "dwarf-with-dsym";
				ENABLE_NS_ASSERTIONS = NO;
				ENABLE_STRICT_OBJC_MSGSEND = YES;
				GCC_C_LANGUAGE_STANDARD = gnu99;
				GCC_NO_COMMON_BLOCKS = YES;
				GCC_WARN_64_TO_32_BIT_CONVERSION = YES;
				GCC_WARN_ABOUT_RETURN_TYPE = YES_ERROR;
				GCC_WARN_UNDECLARED_SELECTOR = YES;
				GCC_WARN_UNINITIALIZED_AUTOS = YES_AGGRESSIVE;
				GCC_WARN_UNUSED_FUNCTION = YES;
				GCC_WARN_UNUSED_VARIABLE = YES;
				IPHONEOS_DEPLOYMENT_TARGET = 9.3;
				MTL_ENABLE_DEBUG_INFO = NO;
				SDKROOT = iphoneos;
				TARGETED_DEVICE_FAMILY = "1,2";
				VALIDATE_PRODUCT = YES;
			};
			name = Release;
		};
		929236D31CAD14C300B643D2 /* Debug */ = {
			isa = XCBuildConfiguration;
			buildSettings = {
				ASSETCATALOG_COMPILER_APPICON_NAME = AppIcon;
				INFOPLIST_FILE = Pruega/Info.plist;
				LD_RUNPATH_SEARCH_PATHS = "$(inherited) @executable_path/Frameworks";
				PRODUCT_BUNDLE_IDENTIFIER = rstrikes.Pruega;
				PRODUCT_NAME = "$(TARGET_NAME)";
			};
			name = Debug;
		};
		929236D41CAD14C300B643D2 /* Release */ = {
			isa = XCBuildConfiguration;
			buildSettings = {
				ASSETCATALOG_COMPILER_APPICON_NAME = AppIcon;
				INFOPLIST_FILE = Pruega/Info.plist;
				LD_RUNPATH_SEARCH_PATHS = "$(inherited) @executable_path/Frameworks";
				PRODUCT_BUNDLE_IDENTIFIER = rstrikes.Pruega;
				PRODUCT_NAME = "$(TARGET_NAME)";
			};
			name = Release;
		};
		929236D61CAD14C300B643D2 /* Debug */ = {
			isa = XCBuildConfiguration;
			buildSettings = {
				BUNDLE_LOADER = "$(TEST_HOST)";
				INFOPLIST_FILE = PruegaTests/Info.plist;
				LD_RUNPATH_SEARCH_PATHS = "$(inherited) @executable_path/Frameworks @loader_path/Frameworks";
				PRODUCT_BUNDLE_IDENTIFIER = rstrikes.PruegaTests;
				PRODUCT_NAME = "$(TARGET_NAME)";
				TEST_HOST = "$(BUILT_PRODUCTS_DIR)/Pruega.app/Pruega";
			};
			name = Debug;
		};
		929236D71CAD14C300B643D2 /* Release */ = {
			isa = XCBuildConfiguration;
			buildSettings = {
				BUNDLE_LOADER = "$(TEST_HOST)";
				INFOPLIST_FILE = PruegaTests/Info.plist;
				LD_RUNPATH_SEARCH_PATHS = "$(inherited) @executable_path/Frameworks @loader_path/Frameworks";
				PRODUCT_BUNDLE_IDENTIFIER = rstrikes.PruegaTests;
				PRODUCT_NAME = "$(TARGET_NAME)";
				TEST_HOST = "$(BUILT_PRODUCTS_DIR)/Pruega.app/Pruega";
			};
			name = Release;
		};
/* End XCBuildConfiguration section */

/* Begin XCConfigurationList section */
		929236B01CAD14C200B643D2 /* Build configuration list for PBXProject "Pruega" */ = {
			isa = XCConfigurationList;
			buildConfigurations = (
				929236D01CAD14C300B643D2 /* Debug */,
				929236D11CAD14C300B643D2 /* Release */,
			);
			defaultConfigurationIsVisible = 0;
			defaultConfigurationName = Release;
		};
		929236D21CAD14C300B643D2 /* Build configuration list for PBXNativeTarget "Pruega" */ = {
			isa = XCConfigurationList;
			buildConfigurations = (
				929236D31CAD14C300B643D2 /* Debug */,
				929236D41CAD14C300B643D2 /* Release */,
			);
			defaultConfigurationIsVisible = 0;
		};
		929236D51CAD14C300B643D2 /* Build configuration list for PBXNativeTarget "PruegaTests" */ = {
			isa = XCConfigurationList;
			buildConfigurations = (
				929236D61CAD14C300B643D2 /* Debug */,
				929236D71CAD14C300B643D2 /* Release */,
			);
			defaultConfigurationIsVisible = 0;
		};
/* End XCConfigurationList section */
	};
	rootObject = 929236AD1CAD14C200B643D2 /* Project object */;
}
